
Microsoft Visual Studio Solution File, Format Version 12.00
# Visual Studio Version 17
VisualStudioVersion = 17.9.34622.214
MinimumVisualStudioVersion = 10.0.40219.1
Project("{9A19103F-16F7-4668-BE54-9A1E7A4F7556}") = "CatalogService.Api", "CatalogService.Api\CatalogService.Api.csproj", "{0914C4A0-29E7-4E63-8C78-32EC1DA51951}"
EndProject
Project("{9A19103F-16F7-4668-BE54-9A1E7A4F7556}") = "CatalogService.Application", "CatalogService.Application\CatalogService.Application.csproj", "{E375F78A-E2D6-41CE-835F-3C33D8B9797D}"
EndProject
Project("{9A19103F-16F7-4668-BE54-9A1E7A4F7556}") = "CatalogService.Domain", "CatalogService.Domain\CatalogService.Domain.csproj", "{399C2F99-B99A-4E12-BADA-AD4E290B2B3D}"
EndProject
Project("{9A19103F-16F7-4668-BE54-9A1E7A4F7556}") = "CatalogService.Infrastructure", "CatalogService.Infrastructure\CatalogService.Infrastructure.csproj", "{180704AC-A32F-4F5E-91A8-A6220B508693}"
EndProject
Project("{9A19103F-16F7-4668-BE54-9A1E7A4F7556}") = "CatalogService.Tests", "CatalogService.Tests\CatalogService.Tests.csproj", "{50B6D574-92EF-432D-ACA2-AED00845EF7E}"
EndProject
Project("{2150E333-8FDC-42A3-9474-1A3956D46DE8}") = "Solution Items", "Solution Items", "{721A4E63-1FC4-40C5-A2C2-65A1123D29C5}"
	ProjectSection(SolutionItems) = preProject
		docker-compose.yml = docker-compose.yml
		init-multiple-databases.sh = init-multiple-databases.sh
	EndProjectSection
EndProject
Project("{9A19103F-16F7-4668-BE54-9A1E7A4F7556}") = "OrderService.Api", "OrderService.Api\OrderService.Api.csproj", "{6A16EF14-8F74-4BC4-A77F-953E6FB91386}"
EndProject
Project("{9A19103F-16F7-4668-BE54-9A1E7A4F7556}") = "OrderService.Application", "OrderService.Application\OrderService.Application.csproj", "{1A8C93F3-38B7-4161-AD11-FA2DDD1E68C0}"
EndProject
Project("{9A19103F-16F7-4668-BE54-9A1E7A4F7556}") = "OrderService.Domain", "OrderService.Domain\OrderService.Domain.csproj", "{C34BE7CE-0344-4F7B-9DBD-78A6D2AB2199}"
EndProject
Project("{9A19103F-16F7-4668-BE54-9A1E7A4F7556}") = "OrderService.Infrastructure", "OrderService.Infrastructure\OrderService.Infrastructure.csproj", "{1E18CCFF-33F1-4CF4-9CA3-68900A2D5628}"
EndProject
Project("{9A19103F-16F7-4668-BE54-9A1E7A4F7556}") = "OrderManagementSystem.Shared", "OrderManagementSystem.Shared\OrderManagementSystem.Shared.csproj", "{CEF79D4A-77E3-41A1-8976-656751709439}"
EndProject
Project("{9A19103F-16F7-4668-BE54-9A1E7A4F7556}") = "OrderService.Tests", "OrderService.Tests\OrderService.Tests.csproj", "{408B23D6-8787-4F4D-ADB8-96EAAAF4EB98}"
EndProject
Project("{9A19103F-16F7-4668-BE54-9A1E7A4F7556}") = "OrderProcessingService.Api", "OrderProcessingService.Api\OrderProcessingService.Api.csproj", "{D21A40C6-6A63-4875-9091-500D516C3847}"
EndProject
Project("{9A19103F-16F7-4668-BE54-9A1E7A4F7556}") = "OrderProcessingService.Application", "OrderProcessingService.Application\OrderProcessingService.Application.csproj", "{38D98787-88C9-4A5A-ADE1-2D242EA3A0DC}"
EndProject
Project("{9A19103F-16F7-4668-BE54-9A1E7A4F7556}") = "OrderProcessingService.Domain", "OrderProcessingService.Domain\OrderProcessingService.Domain.csproj", "{76AF435C-7AFB-4D59-81BE-8B3C7AB57665}"
EndProject
Project("{9A19103F-16F7-4668-BE54-9A1E7A4F7556}") = "OrderProcessingService.Infrastructure", "OrderProcessingService.Infrastructure\OrderProcessingService.Infrastructure.csproj", "{04113FEE-4867-4EB0-A6D8-03FBDD387DC3}"
EndProject
Project("{FAE04EC0-301F-11D3-BF4B-00C04F79EFBC}") = "OrderProcessingService.Tests", "OrderProcessingService.Tests\OrderProcessingService.Tests.csproj", "{9FF71F8F-B040-459E-A728-F797150B9BD7}"
EndProject
Project("{FAE04EC0-301F-11D3-BF4B-00C04F79EFBC}") = "OrderNotificationService.Api", "OrderNotificationService.Api\OrderNotificationService.Api.csproj", "{20FB100E-70B5-41A5-B708-B292E29378B4}"
EndProject
Project("{FAE04EC0-301F-11D3-BF4B-00C04F79EFBC}") = "OrderNotificationService.Application", "OrderNotificationService.Application\OrderNotificationService.Application.csproj", "{353929B0-0C0A-403F-9D99-FCC53C55077D}"
EndProject
Project("{FAE04EC0-301F-11D3-BF4B-00C04F79EFBC}") = "OrderNotificationService.Domain", "OrderNotificationService.Domain\OrderNotificationService.Domain.csproj", "{C2FD6933-3B70-4AB0-A77F-6B8712E6FD21}"
EndProject
Project("{FAE04EC0-301F-11D3-BF4B-00C04F79EFBC}") = "OrderNotificationService.Infrastructure", "OrderNotificationService.Infrastructure\OrderNotificationService.Infrastructure.csproj", "{B53E974E-4DA1-496E-9E53-CBC1B1BEE87B}"
EndProject
Project("{FAE04EC0-301F-11D3-BF4B-00C04F79EFBC}") = "OrderNotificationService.Tests", "OrderNotificationService.Tests\OrderNotificationService.Tests.csproj", "{C0BF59A2-E2CB-4FF1-9DD5-99CEC6D8DE9A}"
EndProject
Global
	GlobalSection(SolutionConfigurationPlatforms) = preSolution
		Debug|Any CPU = Debug|Any CPU
		Release|Any CPU = Release|Any CPU
	EndGlobalSection
	GlobalSection(ProjectConfigurationPlatforms) = postSolution
		{0914C4A0-29E7-4E63-8C78-32EC1DA51951}.Debug|Any CPU.ActiveCfg = Debug|Any CPU
		{0914C4A0-29E7-4E63-8C78-32EC1DA51951}.Debug|Any CPU.Build.0 = Debug|Any CPU
		{0914C4A0-29E7-4E63-8C78-32EC1DA51951}.Release|Any CPU.ActiveCfg = Release|Any CPU
		{0914C4A0-29E7-4E63-8C78-32EC1DA51951}.Release|Any CPU.Build.0 = Release|Any CPU
		{E375F78A-E2D6-41CE-835F-3C33D8B9797D}.Debug|Any CPU.ActiveCfg = Debug|Any CPU
		{E375F78A-E2D6-41CE-835F-3C33D8B9797D}.Debug|Any CPU.Build.0 = Debug|Any CPU
		{E375F78A-E2D6-41CE-835F-3C33D8B9797D}.Release|Any CPU.ActiveCfg = Release|Any CPU
		{E375F78A-E2D6-41CE-835F-3C33D8B9797D}.Release|Any CPU.Build.0 = Release|Any CPU
		{399C2F99-B99A-4E12-BADA-AD4E290B2B3D}.Debug|Any CPU.ActiveCfg = Debug|Any CPU
		{399C2F99-B99A-4E12-BADA-AD4E290B2B3D}.Debug|Any CPU.Build.0 = Debug|Any CPU
		{399C2F99-B99A-4E12-BADA-AD4E290B2B3D}.Release|Any CPU.ActiveCfg = Release|Any CPU
		{399C2F99-B99A-4E12-BADA-AD4E290B2B3D}.Release|Any CPU.Build.0 = Release|Any CPU
		{180704AC-A32F-4F5E-91A8-A6220B508693}.Debug|Any CPU.ActiveCfg = Debug|Any CPU
		{180704AC-A32F-4F5E-91A8-A6220B508693}.Debug|Any CPU.Build.0 = Debug|Any CPU
		{180704AC-A32F-4F5E-91A8-A6220B508693}.Release|Any CPU.ActiveCfg = Release|Any CPU
		{180704AC-A32F-4F5E-91A8-A6220B508693}.Release|Any CPU.Build.0 = Release|Any CPU
		{50B6D574-92EF-432D-ACA2-AED00845EF7E}.Debug|Any CPU.ActiveCfg = Debug|Any CPU
		{50B6D574-92EF-432D-ACA2-AED00845EF7E}.Debug|Any CPU.Build.0 = Debug|Any CPU
		{50B6D574-92EF-432D-ACA2-AED00845EF7E}.Release|Any CPU.ActiveCfg = Release|Any CPU
		{50B6D574-92EF-432D-ACA2-AED00845EF7E}.Release|Any CPU.Build.0 = Release|Any CPU
		{6A16EF14-8F74-4BC4-A77F-953E6FB91386}.Debug|Any CPU.ActiveCfg = Debug|Any CPU
		{6A16EF14-8F74-4BC4-A77F-953E6FB91386}.Debug|Any CPU.Build.0 = Debug|Any CPU
		{6A16EF14-8F74-4BC4-A77F-953E6FB91386}.Release|Any CPU.ActiveCfg = Release|Any CPU
		{6A16EF14-8F74-4BC4-A77F-953E6FB91386}.Release|Any CPU.Build.0 = Release|Any CPU
		{1A8C93F3-38B7-4161-AD11-FA2DDD1E68C0}.Debug|Any CPU.ActiveCfg = Debug|Any CPU
		{1A8C93F3-38B7-4161-AD11-FA2DDD1E68C0}.Debug|Any CPU.Build.0 = Debug|Any CPU
		{1A8C93F3-38B7-4161-AD11-FA2DDD1E68C0}.Release|Any CPU.ActiveCfg = Release|Any CPU
		{1A8C93F3-38B7-4161-AD11-FA2DDD1E68C0}.Release|Any CPU.Build.0 = Release|Any CPU
		{C34BE7CE-0344-4F7B-9DBD-78A6D2AB2199}.Debug|Any CPU.ActiveCfg = Debug|Any CPU
		{C34BE7CE-0344-4F7B-9DBD-78A6D2AB2199}.Debug|Any CPU.Build.0 = Debug|Any CPU
		{C34BE7CE-0344-4F7B-9DBD-78A6D2AB2199}.Release|Any CPU.ActiveCfg = Release|Any CPU
		{C34BE7CE-0344-4F7B-9DBD-78A6D2AB2199}.Release|Any CPU.Build.0 = Release|Any CPU
		{1E18CCFF-33F1-4CF4-9CA3-68900A2D5628}.Debug|Any CPU.ActiveCfg = Debug|Any CPU
		{1E18CCFF-33F1-4CF4-9CA3-68900A2D5628}.Debug|Any CPU.Build.0 = Debug|Any CPU
		{1E18CCFF-33F1-4CF4-9CA3-68900A2D5628}.Release|Any CPU.ActiveCfg = Release|Any CPU
		{1E18CCFF-33F1-4CF4-9CA3-68900A2D5628}.Release|Any CPU.Build.0 = Release|Any CPU
		{CEF79D4A-77E3-41A1-8976-656751709439}.Debug|Any CPU.ActiveCfg = Debug|Any CPU
		{CEF79D4A-77E3-41A1-8976-656751709439}.Debug|Any CPU.Build.0 = Debug|Any CPU
		{CEF79D4A-77E3-41A1-8976-656751709439}.Release|Any CPU.ActiveCfg = Release|Any CPU
		{CEF79D4A-77E3-41A1-8976-656751709439}.Release|Any CPU.Build.0 = Release|Any CPU
		{408B23D6-8787-4F4D-ADB8-96EAAAF4EB98}.Debug|Any CPU.ActiveCfg = Debug|Any CPU
		{408B23D6-8787-4F4D-ADB8-96EAAAF4EB98}.Debug|Any CPU.Build.0 = Debug|Any CPU
		{408B23D6-8787-4F4D-ADB8-96EAAAF4EB98}.Release|Any CPU.ActiveCfg = Release|Any CPU
		{408B23D6-8787-4F4D-ADB8-96EAAAF4EB98}.Release|Any CPU.Build.0 = Release|Any CPU
		{D21A40C6-6A63-4875-9091-500D516C3847}.Debug|Any CPU.ActiveCfg = Debug|Any CPU
		{D21A40C6-6A63-4875-9091-500D516C3847}.Debug|Any CPU.Build.0 = Debug|Any CPU
		{D21A40C6-6A63-4875-9091-500D516C3847}.Release|Any CPU.ActiveCfg = Release|Any CPU
		{D21A40C6-6A63-4875-9091-500D516C3847}.Release|Any CPU.Build.0 = Release|Any CPU
		{38D98787-88C9-4A5A-ADE1-2D242EA3A0DC}.Debug|Any CPU.ActiveCfg = Debug|Any CPU
		{38D98787-88C9-4A5A-ADE1-2D242EA3A0DC}.Debug|Any CPU.Build.0 = Debug|Any CPU
		{38D98787-88C9-4A5A-ADE1-2D242EA3A0DC}.Release|Any CPU.ActiveCfg = Release|Any CPU
		{38D98787-88C9-4A5A-ADE1-2D242EA3A0DC}.Release|Any CPU.Build.0 = Release|Any CPU
		{76AF435C-7AFB-4D59-81BE-8B3C7AB57665}.Debug|Any CPU.ActiveCfg = Debug|Any CPU
		{76AF435C-7AFB-4D59-81BE-8B3C7AB57665}.Debug|Any CPU.Build.0 = Debug|Any CPU
		{76AF435C-7AFB-4D59-81BE-8B3C7AB57665}.Release|Any CPU.ActiveCfg = Release|Any CPU
		{76AF435C-7AFB-4D59-81BE-8B3C7AB57665}.Release|Any CPU.Build.0 = Release|Any CPU
		{04113FEE-4867-4EB0-A6D8-03FBDD387DC3}.Debug|Any CPU.ActiveCfg = Debug|Any CPU
		{04113FEE-4867-4EB0-A6D8-03FBDD387DC3}.Debug|Any CPU.Build.0 = Debug|Any CPU
		{04113FEE-4867-4EB0-A6D8-03FBDD387DC3}.Release|Any CPU.ActiveCfg = Release|Any CPU
		{04113FEE-4867-4EB0-A6D8-03FBDD387DC3}.Release|Any CPU.Build.0 = Release|Any CPU
		{9FF71F8F-B040-459E-A728-F797150B9BD7}.Debug|Any CPU.ActiveCfg = Debug|Any CPU
		{9FF71F8F-B040-459E-A728-F797150B9BD7}.Debug|Any CPU.Build.0 = Debug|Any CPU
		{9FF71F8F-B040-459E-A728-F797150B9BD7}.Release|Any CPU.ActiveCfg = Release|Any CPU
		{9FF71F8F-B040-459E-A728-F797150B9BD7}.Release|Any CPU.Build.0 = Release|Any CPU
		{20FB100E-70B5-41A5-B708-B292E29378B4}.Debug|Any CPU.ActiveCfg = Debug|Any CPU
		{20FB100E-70B5-41A5-B708-B292E29378B4}.Debug|Any CPU.Build.0 = Debug|Any CPU
		{20FB100E-70B5-41A5-B708-B292E29378B4}.Release|Any CPU.ActiveCfg = Release|Any CPU
		{20FB100E-70B5-41A5-B708-B292E29378B4}.Release|Any CPU.Build.0 = Release|Any CPU
		{353929B0-0C0A-403F-9D99-FCC53C55077D}.Debug|Any CPU.ActiveCfg = Debug|Any CPU
		{353929B0-0C0A-403F-9D99-FCC53C55077D}.Debug|Any CPU.Build.0 = Debug|Any CPU
		{353929B0-0C0A-403F-9D99-FCC53C55077D}.Release|Any CPU.ActiveCfg = Release|Any CPU
		{353929B0-0C0A-403F-9D99-FCC53C55077D}.Release|Any CPU.Build.0 = Release|Any CPU
		{C2FD6933-3B70-4AB0-A77F-6B8712E6FD21}.Debug|Any CPU.ActiveCfg = Debug|Any CPU
		{C2FD6933-3B70-4AB0-A77F-6B8712E6FD21}.Debug|Any CPU.Build.0 = Debug|Any CPU
		{C2FD6933-3B70-4AB0-A77F-6B8712E6FD21}.Release|Any CPU.ActiveCfg = Release|Any CPU
		{C2FD6933-3B70-4AB0-A77F-6B8712E6FD21}.Release|Any CPU.Build.0 = Release|Any CPU
		{B53E974E-4DA1-496E-9E53-CBC1B1BEE87B}.Debug|Any CPU.ActiveCfg = Debug|Any CPU
		{B53E974E-4DA1-496E-9E53-CBC1B1BEE87B}.Debug|Any CPU.Build.0 = Debug|Any CPU
		{B53E974E-4DA1-496E-9E53-CBC1B1BEE87B}.Release|Any CPU.ActiveCfg = Release|Any CPU
		{B53E974E-4DA1-496E-9E53-CBC1B1BEE87B}.Release|Any CPU.Build.0 = Release|Any CPU
		{C0BF59A2-E2CB-4FF1-9DD5-99CEC6D8DE9A}.Debug|Any CPU.ActiveCfg = Debug|Any CPU
		{C0BF59A2-E2CB-4FF1-9DD5-99CEC6D8DE9A}.Debug|Any CPU.Build.0 = Debug|Any CPU
		{C0BF59A2-E2CB-4FF1-9DD5-99CEC6D8DE9A}.Release|Any CPU.ActiveCfg = Release|Any CPU
		{C0BF59A2-E2CB-4FF1-9DD5-99CEC6D8DE9A}.Release|Any CPU.Build.0 = Release|Any CPU
	EndGlobalSection
	GlobalSection(SolutionProperties) = preSolution
		HideSolutionNode = FALSE
	EndGlobalSection
	GlobalSection(ExtensibilityGlobals) = postSolution
		SolutionGuid = {27263B05-1EC3-4125-91FA-3936CB1D6601}
	EndGlobalSection
EndGlobal
